github.com/Tnze/CoolQ-Golang-SDK v0.0.0-20190906155035-a38d5b2d919b h1:BglVhz6H6+tHQPyz4cq7e8nqZVe9j/FHFaK7HTcsjTE=
github.com/Tnze/CoolQ-Golang-SDK v0.0.0-20190906155035-a38d5b2d919b/go.mod h1:XIWgI6JgLDdHQVN7a2Zegsp5ucwP071+8enN2emd0zg=
github.com/Tnze/go-mc v1.15.1/go.mod h1:ZQpDcppzIn7X37rsk39CAL4C7nkmu4sxWvDpcy9pncc=
github.com/Tnze/go-mc v1.15.2-0.20200129055757-72c389c86fc2 h1:0l6JxUSwcrZthaKm0VMb09jcocuJVXQQYIE8+i28QgY=
github.com/Tnze/go-mc v1.15.2-0.20200129055757-72c389c86fc2/go.mod h1:ZQpDcppzIn7X37rsk39CAL4C7nkmu4sxWvDpcy9pncc=
github.com/go-mc/mcping v1.1.0 h1:h/pAZ9yQkyjIlxKHPDkCNC8V6wc1k/2AXYC2NFoYNX8=
github.com/go-mc/mcping v1.1.0/go.mod h1:q9xUn5GZLkO2EYyPEEUlCVVHpJWRPFnMWn2NdkpEZF8=
github.com/go-sql-driver/mysql v1.4.1 h1:g24URVg0OFbNUTx9qqY1IRZ9D9z3iPyi5zKhQZpNwpA=
github.com/go-sql-driver/mysql v1.4.1/go.mod h1:zAC/RDZ24gD3HViQzih4MyKcchzm+sOG5ZlKdlhCg5w=
github.com/google/uuid v1.1.1 h1:Gkbcsh/GbpXz7lPftLA3P6TYMwjCLYm83jiFQZF/3gY=
github.com/google/uuid v1.1.1/go.mod h1:TIyPZe4MgqvfeYDBFedMoGGpEw/LqOeaOT+nhxU+yHo=
github.com/mattn/go-colorable v0.1.4 h1:snbPLB8fVfU9iwbbo30TPtbLRzwWu6aJS6Xh4eaaviA=
github.com/mattn/go-colorable v0.1.4/go.mod h1:U0ppj6V5qS13XJ6of8GYAs25YV2eR4EVcfRqFIhoBtE=
github.com/mattn/go-isatty v0.0.8 h1:HLtExJ+uU2HOZ+wI0Tt5DtUDrx8yhUqDcp7fYERX4CE=
github.com/mattn/go-isatty v0.0.8/go.mod h1:Iq45c/XA43vh69/j3iqttzPXn0bhXyGjM0Hdxcsrc5s=
golang.org/x/sys v0.0.0-20190222072716-a9d3bda3a223/go.mod h1:STP8DvDyc/dI5b8T5hshtkjS+E42TnysNCUPdjciGhY=
golang.org/x/text v0.3.2 h1:tW2bmiBqwgJj/UpqtC8EpXEZVYOwU0yG4iWbprSVAcs=
golang.org/x/text v0.3.2/go.mod h1:bEr9sfX3Q8Zfm5fL9x+3itogRgK3+ptLWKqgva+5dAk=
golang.org/x/tools v0.0.0-20180917221912-90fa682c2a6e/go.mod h1:n7NCudcB/nEzxVGmLbDWY5pfWTLqBcC2KZ6jyYvM4mQ=
